github.com/harrybrwn/x/random v0.0.0-20250705224516-e544c3130c2e h1:o9q3cJDUjnXHfBD7t5dCUUIRJjpvzoFN+4IHO9Gt6/g=
github.com/harrybrwn/x/random v0.0.0-20250705224516-e544c3130c2e/go.mod h1:EgEvwGd8gVvlid8c5D79ioOaReD19ltutsT+zGnHY8w=
github.com/harrybrwn/x/types v0.0.0-20250705224516-e544c3130c2e h1:NkjA4uGNNXQYzdRiDZo/u1bxcZ7MlwjRA5BBsKMcJjc=
github.com/harrybrwn/x/types v0.0.0-20250705224516-e544c3130c2e/go.mod h1:0XChuWQoqLYh8xbkTpInutKtdrGojQyATxFiKd+3rFs=
